
Microsoft Visual Studio Solution File, Format Version 12.00
# Visual Studio Version 17
VisualStudioVersion = 17.0.31903.59
MinimumVisualStudioVersion = 10.0.40219.1
Project("{FAE04EC0-301F-11D3-BF4B-00C04F79EFBC}") = "BetterUnturnedExperience.Contracts", "src\BetterUnturnedExperience.Contracts\BetterUnturnedExperience.Contracts.csproj", "{B9A11F3D-3CF7-4C7A-9B04-0B6F2B35B9A1}"
EndProject
Project("{FAE04EC0-301F-11D3-BF4B-00C04F79EFBC}") = "BetterUnturnedExperience.Contracts.Tests", "tests\BetterUnturnedExperience.Contracts.Tests\BetterUnturnedExperience.Contracts.Tests.csproj", "{2DFA1A75-B7B1-4921-A3DD-2F2D759C01A4}"
EndProject
Project("{FAE04EC0-301F-11D3-BF4B-00C04F79EFBC}") = "BetterUnturnedExperience.Core", "src\BetterUnturnedExperience.Core\BetterUnturnedExperience.Core.csproj", "{E6B7E5D1-1A1D-49D9-8E34-A1B25F8E5510}"
EndProject
Project("{FAE04EC0-301F-11D3-BF4B-00C04F79EFBC}") = "BetterUnturnedExperience.Plugin", "src\BetterUnturnedExperience.Plugin\BetterUnturnedExperience.Plugin.csproj", "{D2A52D07-B5A5-4F1F-8D80-5F48FBD4D5D7}"
EndProject
Project("{FAE04EC0-301F-11D3-BF4B-00C04F79EFBC}") = "BetterUnturnedExperience.Settings.Tests", "tests\BetterUnturnedExperience.Settings.Tests\BetterUnturnedExperience.Settings.Tests.csproj", "{4E2A7B6C-4AA2-4F84-B7C0-030000000001}"
EndProject
Project("{FAE04EC0-301F-11D3-BF4B-00C04F79EFBC}") = "BetterUnturnedExperience.Placement.Tests", "tests\BetterUnturnedExperience.Placement.Tests\BetterUnturnedExperience.Placement.Tests.csproj", "{4E2A7B6C-4AA2-4F84-B7C0-040000000001}"
EndProject
Project("{FAE04EC0-301F-11D3-BF4B-00C04F79EFBC}") = "BetterUnturnedExperience.ClientUi", "src\BetterUnturnedExperience.ClientUi\BetterUnturnedExperience.ClientUi.csproj", "{4E2A7B6C-4AA2-4F84-B7C0-050000000001}"
EndProject
Project("{FAE04EC0-301F-11D3-BF4B-00C04F79EFBC}") = "BetterUnturnedExperience.ClientUi.Tests", "tests\BetterUnturnedExperience.ClientUi.Tests\BetterUnturnedExperience.ClientUi.Tests.csproj", "{4E2A7B6C-4AA2-4F84-B7C0-060000000001}"
EndProject
Project("{FAE04EC0-301F-11D3-BF4B-00C04F79EFBC}") = "BetterUnturnedExperience.Network.Tests", "tests\BetterUnturnedExperience.Network.Tests\BetterUnturnedExperience.Network.Tests.csproj", "{4E2A7B6C-4AA2-4F84-B7C0-070000000001}"
EndProject
Project("{FAE04EC0-301F-11D3-BF4B-00C04F79EFBC}") = "BetterUnturnedExperience.Transport", "src\BetterUnturnedExperience.Transport\BetterUnturnedExperience.Transport.csproj", "{4E2A7B6C-4AA2-4F84-B7C0-080000000001}"
EndProject
Project("{FAE04EC0-301F-11D3-BF4B-00C04F79EFBC}") = "BetterUnturnedExperience.Release", "src\BetterUnturnedExperience.Release\BetterUnturnedExperience.Release.csproj", "{4E2A7B6C-4AA2-4F84-B7C0-090000000000}"
EndProject
Project("{FAE04EC0-301F-11D3-BF4B-00C04F79EFBC}") = "BetterUnturnedExperience.Release.Tests", "tests\BetterUnturnedExperience.Release.Tests\BetterUnturnedExperience.Release.Tests.csproj", "{4E2A7B6C-4AA2-4F84-B7C0-090000000001}"
EndProject
Project("{FAE04EC0-301F-11D3-BF4B-00C04F79EFBC}") = "BetterUnturnedExperience.Plugin.Tests", "tests\BetterUnturnedExperience.Plugin.Tests\BetterUnturnedExperience.Plugin.Tests.csproj", "{4E2A7B6C-4AA2-4F84-B7C0-0A0000000001}"
EndProject
Project("{2150E333-8FDC-42A3-9474-1A3956D46DE8}") = "src", "src", "{827E0CD3-B72D-47B6-A68D-7590B98EB39B}"
EndProject
Project("{FAE04EC0-301F-11D3-BF4B-00C04F79EFBC}") = "BetterUnturnedExperience.NoOpFixture", "src\BetterUnturnedExperience.NoOpFixture\BetterUnturnedExperience.NoOpFixture.csproj", "{4E2A7B6C-4AA2-4F84-B7C0-0B0000000001}"
EndProject
Project("{FAE04EC0-301F-11D3-BF4B-00C04F79EFBC}") = "BetterUnturnedExperience.Lit", "src\BetterUnturnedExperience.Lit\BetterUnturnedExperience.Lit.csproj", "{4E2A7B6C-4AA2-4F84-B7C0-0C0000000001}"
EndProject
Project("{FAE04EC0-301F-11D3-BF4B-00C04F79EFBC}") = "BetterUnturnedExperience.Lir", "src\BetterUnturnedExperience.Lir\BetterUnturnedExperience.Lir.csproj", "{4E2A7B6C-4AA2-4F84-B7C0-0C0000000002}"
EndProject
Project("{FAE04EC0-301F-11D3-BF4B-00C04F79EFBC}") = "BetterUnturnedExperience.Lht", "src\BetterUnturnedExperience.Lht\BetterUnturnedExperience.Lht.csproj", "{4E2A7B6C-4AA2-4F84-B7C0-0C0000000003}"
EndProject
Project("{FAE04EC0-301F-11D3-BF4B-00C04F79EFBC}") = "BetterUnturnedExperience.Bii", "src\BetterUnturnedExperience.Bii\BetterUnturnedExperience.Bii.csproj", "{4E2A7B6C-4AA2-4F84-B7C0-0C0000000004}"
EndProject
Global
	GlobalSection(SolutionConfigurationPlatforms) = preSolution
		Debug|Any CPU = Debug|Any CPU
		Debug|x64 = Debug|x64
		Debug|x86 = Debug|x86
		Release|Any CPU = Release|Any CPU
		Release|x64 = Release|x64
		Release|x86 = Release|x86
	EndGlobalSection
	GlobalSection(ProjectConfigurationPlatforms) = postSolution
		{B9A11F3D-3CF7-4C7A-9B04-0B6F2B35B9A1}.Debug|Any CPU.ActiveCfg = Debug|Any CPU
		{B9A11F3D-3CF7-4C7A-9B04-0B6F2B35B9A1}.Debug|Any CPU.Build.0 = Debug|Any CPU
		{B9A11F3D-3CF7-4C7A-9B04-0B6F2B35B9A1}.Debug|x64.ActiveCfg = Debug|Any CPU
		{B9A11F3D-3CF7-4C7A-9B04-0B6F2B35B9A1}.Debug|x64.Build.0 = Debug|Any CPU
		{B9A11F3D-3CF7-4C7A-9B04-0B6F2B35B9A1}.Debug|x86.ActiveCfg = Debug|Any CPU
		{B9A11F3D-3CF7-4C7A-9B04-0B6F2B35B9A1}.Debug|x86.Build.0 = Debug|Any CPU
		{B9A11F3D-3CF7-4C7A-9B04-0B6F2B35B9A1}.Release|Any CPU.ActiveCfg = Release|Any CPU
		{B9A11F3D-3CF7-4C7A-9B04-0B6F2B35B9A1}.Release|Any CPU.Build.0 = Release|Any CPU
		{B9A11F3D-3CF7-4C7A-9B04-0B6F2B35B9A1}.Release|x64.ActiveCfg = Release|Any CPU
		{B9A11F3D-3CF7-4C7A-9B04-0B6F2B35B9A1}.Release|x64.Build.0 = Release|Any CPU
		{B9A11F3D-3CF7-4C7A-9B04-0B6F2B35B9A1}.Release|x86.ActiveCfg = Release|Any CPU
		{B9A11F3D-3CF7-4C7A-9B04-0B6F2B35B9A1}.Release|x86.Build.0 = Release|Any CPU
		{2DFA1A75-B7B1-4921-A3DD-2F2D759C01A4}.Debug|Any CPU.ActiveCfg = Debug|Any CPU
		{2DFA1A75-B7B1-4921-A3DD-2F2D759C01A4}.Debug|Any CPU.Build.0 = Debug|Any CPU
		{2DFA1A75-B7B1-4921-A3DD-2F2D759C01A4}.Debug|x64.ActiveCfg = Debug|Any CPU
		{2DFA1A75-B7B1-4921-A3DD-2F2D759C01A4}.Debug|x64.Build.0 = Debug|Any CPU
		{2DFA1A75-B7B1-4921-A3DD-2F2D759C01A4}.Debug|x86.ActiveCfg = Debug|Any CPU
		{2DFA1A75-B7B1-4921-A3DD-2F2D759C01A4}.Debug|x86.Build.0 = Debug|Any CPU
		{2DFA1A75-B7B1-4921-A3DD-2F2D759C01A4}.Release|Any CPU.ActiveCfg = Release|Any CPU
		{2DFA1A75-B7B1-4921-A3DD-2F2D759C01A4}.Release|Any CPU.Build.0 = Release|Any CPU
		{2DFA1A75-B7B1-4921-A3DD-2F2D759C01A4}.Release|x64.ActiveCfg = Release|Any CPU
		{2DFA1A75-B7B1-4921-A3DD-2F2D759C01A4}.Release|x64.Build.0 = Release|Any CPU
		{2DFA1A75-B7B1-4921-A3DD-2F2D759C01A4}.Release|x86.ActiveCfg = Release|Any CPU
		{2DFA1A75-B7B1-4921-A3DD-2F2D759C01A4}.Release|x86.Build.0 = Release|Any CPU
		{E6B7E5D1-1A1D-49D9-8E34-A1B25F8E5510}.Debug|Any CPU.ActiveCfg = Debug|Any CPU
		{E6B7E5D1-1A1D-49D9-8E34-A1B25F8E5510}.Debug|Any CPU.Build.0 = Debug|Any CPU
		{E6B7E5D1-1A1D-49D9-8E34-A1B25F8E5510}.Debug|x64.ActiveCfg = Debug|Any CPU
		{E6B7E5D1-1A1D-49D9-8E34-A1B25F8E5510}.Debug|x64.Build.0 = Debug|Any CPU
		{E6B7E5D1-1A1D-49D9-8E34-A1B25F8E5510}.Debug|x86.ActiveCfg = Debug|Any CPU
		{E6B7E5D1-1A1D-49D9-8E34-A1B25F8E5510}.Debug|x86.Build.0 = Debug|Any CPU
		{E6B7E5D1-1A1D-49D9-8E34-A1B25F8E5510}.Release|Any CPU.ActiveCfg = Release|Any CPU
		{E6B7E5D1-1A1D-49D9-8E34-A1B25F8E5510}.Release|Any CPU.Build.0 = Release|Any CPU
		{E6B7E5D1-1A1D-49D9-8E34-A1B25F8E5510}.Release|x64.ActiveCfg = Release|Any CPU
		{E6B7E5D1-1A1D-49D9-8E34-A1B25F8E5510}.Release|x64.Build.0 = Release|Any CPU
		{E6B7E5D1-1A1D-49D9-8E34-A1B25F8E5510}.Release|x86.ActiveCfg = Release|Any CPU
		{E6B7E5D1-1A1D-49D9-8E34-A1B25F8E5510}.Release|x86.Build.0 = Release|Any CPU
		{D2A52D07-B5A5-4F1F-8D80-5F48FBD4D5D7}.Debug|Any CPU.ActiveCfg = Debug|Any CPU
		{D2A52D07-B5A5-4F1F-8D80-5F48FBD4D5D7}.Debug|Any CPU.Build.0 = Debug|Any CPU
		{D2A52D07-B5A5-4F1F-8D80-5F48FBD4D5D7}.Debug|x64.ActiveCfg = Debug|Any CPU
		{D2A52D07-B5A5-4F1F-8D80-5F48FBD4D5D7}.Debug|x64.Build.0 = Debug|Any CPU
		{D2A52D07-B5A5-4F1F-8D80-5F48FBD4D5D7}.Debug|x86.ActiveCfg = Debug|Any CPU
		{D2A52D07-B5A5-4F1F-8D80-5F48FBD4D5D7}.Debug|x86.Build.0 = Debug|Any CPU
		{D2A52D07-B5A5-4F1F-8D80-5F48FBD4D5D7}.Release|Any CPU.ActiveCfg = Release|Any CPU
		{D2A52D07-B5A5-4F1F-8D80-5F48FBD4D5D7}.Release|Any CPU.Build.0 = Release|Any CPU
		{D2A52D07-B5A5-4F1F-8D80-5F48FBD4D5D7}.Release|x64.ActiveCfg = Release|Any CPU
		{D2A52D07-B5A5-4F1F-8D80-5F48FBD4D5D7}.Release|x64.Build.0 = Release|Any CPU
		{D2A52D07-B5A5-4F1F-8D80-5F48FBD4D5D7}.Release|x86.ActiveCfg = Release|Any CPU
		{D2A52D07-B5A5-4F1F-8D80-5F48FBD4D5D7}.Release|x86.Build.0 = Release|Any CPU
		{4E2A7B6C-4AA2-4F84-B7C0-030000000001}.Debug|Any CPU.ActiveCfg = Debug|Any CPU
		{4E2A7B6C-4AA2-4F84-B7C0-030000000001}.Debug|Any CPU.Build.0 = Debug|Any CPU
		{4E2A7B6C-4AA2-4F84-B7C0-030000000001}.Debug|x64.ActiveCfg = Debug|Any CPU
		{4E2A7B6C-4AA2-4F84-B7C0-030000000001}.Debug|x64.Build.0 = Debug|Any CPU
		{4E2A7B6C-4AA2-4F84-B7C0-030000000001}.Debug|x86.ActiveCfg = Debug|Any CPU
		{4E2A7B6C-4AA2-4F84-B7C0-030000000001}.Debug|x86.Build.0 = Debug|Any CPU
		{4E2A7B6C-4AA2-4F84-B7C0-030000000001}.Release|Any CPU.ActiveCfg = Release|Any CPU
		{4E2A7B6C-4AA2-4F84-B7C0-030000000001}.Release|Any CPU.Build.0 = Release|Any CPU
		{4E2A7B6C-4AA2-4F84-B7C0-030000000001}.Release|x64.ActiveCfg = Release|Any CPU
		{4E2A7B6C-4AA2-4F84-B7C0-030000000001}.Release|x64.Build.0 = Release|Any CPU
		{4E2A7B6C-4AA2-4F84-B7C0-030000000001}.Release|x86.ActiveCfg = Release|Any CPU
		{4E2A7B6C-4AA2-4F84-B7C0-030000000001}.Release|x86.Build.0 = Release|Any CPU
		{4E2A7B6C-4AA2-4F84-B7C0-040000000001}.Debug|Any CPU.ActiveCfg = Debug|Any CPU
		{4E2A7B6C-4AA2-4F84-B7C0-040000000001}.Debug|Any CPU.Build.0 = Debug|Any CPU
		{4E2A7B6C-4AA2-4F84-B7C0-040000000001}.Debug|x64.ActiveCfg = Debug|Any CPU
		{4E2A7B6C-4AA2-4F84-B7C0-040000000001}.Debug|x64.Build.0 = Debug|Any CPU
		{4E2A7B6C-4AA2-4F84-B7C0-040000000001}.Debug|x86.ActiveCfg = Debug|Any CPU
		{4E2A7B6C-4AA2-4F84-B7C0-040000000001}.Debug|x86.Build.0 = Debug|Any CPU
		{4E2A7B6C-4AA2-4F84-B7C0-040000000001}.Release|Any CPU.ActiveCfg = Release|Any CPU
		{4E2A7B6C-4AA2-4F84-B7C0-040000000001}.Release|Any CPU.Build.0 = Release|Any CPU
		{4E2A7B6C-4AA2-4F84-B7C0-040000000001}.Release|x64.ActiveCfg = Release|Any CPU
		{4E2A7B6C-4AA2-4F84-B7C0-040000000001}.Release|x64.Build.0 = Release|Any CPU
		{4E2A7B6C-4AA2-4F84-B7C0-040000000001}.Release|x86.ActiveCfg = Release|Any CPU
		{4E2A7B6C-4AA2-4F84-B7C0-040000000001}.Release|x86.Build.0 = Release|Any CPU
		{4E2A7B6C-4AA2-4F84-B7C0-050000000001}.Debug|Any CPU.ActiveCfg = Debug|Any CPU
		{4E2A7B6C-4AA2-4F84-B7C0-050000000001}.Debug|Any CPU.Build.0 = Debug|Any CPU
		{4E2A7B6C-4AA2-4F84-B7C0-050000000001}.Debug|x64.ActiveCfg = Debug|Any CPU
		{4E2A7B6C-4AA2-4F84-B7C0-050000000001}.Debug|x64.Build.0 = Debug|Any CPU
		{4E2A7B6C-4AA2-4F84-B7C0-050000000001}.Debug|x86.ActiveCfg = Debug|Any CPU
		{4E2A7B6C-4AA2-4F84-B7C0-050000000001}.Debug|x86.Build.0 = Debug|Any CPU
		{4E2A7B6C-4AA2-4F84-B7C0-050000000001}.Release|Any CPU.ActiveCfg = Release|Any CPU
		{4E2A7B6C-4AA2-4F84-B7C0-050000000001}.Release|Any CPU.Build.0 = Release|Any CPU
		{4E2A7B6C-4AA2-4F84-B7C0-050000000001}.Release|x64.ActiveCfg = Release|Any CPU
		{4E2A7B6C-4AA2-4F84-B7C0-050000000001}.Release|x64.Build.0 = Release|Any CPU
		{4E2A7B6C-4AA2-4F84-B7C0-050000000001}.Release|x86.ActiveCfg = Release|Any CPU
		{4E2A7B6C-4AA2-4F84-B7C0-050000000001}.Release|x86.Build.0 = Release|Any CPU
		{4E2A7B6C-4AA2-4F84-B7C0-060000000001}.Debug|Any CPU.ActiveCfg = Debug|Any CPU
		{4E2A7B6C-4AA2-4F84-B7C0-060000000001}.Debug|Any CPU.Build.0 = Debug|Any CPU
		{4E2A7B6C-4AA2-4F84-B7C0-060000000001}.Debug|x64.ActiveCfg = Debug|Any CPU
		{4E2A7B6C-4AA2-4F84-B7C0-060000000001}.Debug|x64.Build.0 = Debug|Any CPU
		{4E2A7B6C-4AA2-4F84-B7C0-060000000001}.Debug|x86.ActiveCfg = Debug|Any CPU
		{4E2A7B6C-4AA2-4F84-B7C0-060000000001}.Debug|x86.Build.0 = Debug|Any CPU
		{4E2A7B6C-4AA2-4F84-B7C0-060000000001}.Release|Any CPU.ActiveCfg = Release|Any CPU
		{4E2A7B6C-4AA2-4F84-B7C0-060000000001}.Release|Any CPU.Build.0 = Release|Any CPU
		{4E2A7B6C-4AA2-4F84-B7C0-060000000001}.Release|x64.ActiveCfg = Release|Any CPU
		{4E2A7B6C-4AA2-4F84-B7C0-060000000001}.Release|x64.Build.0 = Release|Any CPU
		{4E2A7B6C-4AA2-4F84-B7C0-060000000001}.Release|x86.ActiveCfg = Release|Any CPU
		{4E2A7B6C-4AA2-4F84-B7C0-060000000001}.Release|x86.Build.0 = Release|Any CPU
		{4E2A7B6C-4AA2-4F84-B7C0-070000000001}.Debug|Any CPU.ActiveCfg = Debug|Any CPU
		{4E2A7B6C-4AA2-4F84-B7C0-070000000001}.Debug|Any CPU.Build.0 = Debug|Any CPU
		{4E2A7B6C-4AA2-4F84-B7C0-070000000001}.Debug|x64.ActiveCfg = Debug|Any CPU
		{4E2A7B6C-4AA2-4F84-B7C0-070000000001}.Debug|x64.Build.0 = Debug|Any CPU
		{4E2A7B6C-4AA2-4F84-B7C0-070000000001}.Debug|x86.ActiveCfg = Debug|Any CPU
		{4E2A7B6C-4AA2-4F84-B7C0-070000000001}.Debug|x86.Build.0 = Debug|Any CPU
		{4E2A7B6C-4AA2-4F84-B7C0-070000000001}.Release|Any CPU.ActiveCfg = Release|Any CPU
		{4E2A7B6C-4AA2-4F84-B7C0-070000000001}.Release|Any CPU.Build.0 = Release|Any CPU
		{4E2A7B6C-4AA2-4F84-B7C0-070000000001}.Release|x64.ActiveCfg = Release|Any CPU
		{4E2A7B6C-4AA2-4F84-B7C0-070000000001}.Release|x64.Build.0 = Release|Any CPU
		{4E2A7B6C-4AA2-4F84-B7C0-070000000001}.Release|x86.ActiveCfg = Release|Any CPU
		{4E2A7B6C-4AA2-4F84-B7C0-070000000001}.Release|x86.Build.0 = Release|Any CPU
		{4E2A7B6C-4AA2-4F84-B7C0-080000000001}.Debug|Any CPU.ActiveCfg = Debug|Any CPU
		{4E2A7B6C-4AA2-4F84-B7C0-080000000001}.Debug|Any CPU.Build.0 = Debug|Any CPU
		{4E2A7B6C-4AA2-4F84-B7C0-080000000001}.Debug|x64.ActiveCfg = Debug|Any CPU
		{4E2A7B6C-4AA2-4F84-B7C0-080000000001}.Debug|x64.Build.0 = Debug|Any CPU
		{4E2A7B6C-4AA2-4F84-B7C0-080000000001}.Debug|x86.ActiveCfg = Debug|Any CPU
		{4E2A7B6C-4AA2-4F84-B7C0-080000000001}.Debug|x86.Build.0 = Debug|Any CPU
		{4E2A7B6C-4AA2-4F84-B7C0-080000000001}.Release|Any CPU.ActiveCfg = Release|Any CPU
		{4E2A7B6C-4AA2-4F84-B7C0-080000000001}.Release|Any CPU.Build.0 = Release|Any CPU
		{4E2A7B6C-4AA2-4F84-B7C0-080000000001}.Release|x64.ActiveCfg = Release|Any CPU
		{4E2A7B6C-4AA2-4F84-B7C0-080000000001}.Release|x64.Build.0 = Release|Any CPU
		{4E2A7B6C-4AA2-4F84-B7C0-080000000001}.Release|x86.ActiveCfg = Release|Any CPU
		{4E2A7B6C-4AA2-4F84-B7C0-080000000001}.Release|x86.Build.0 = Release|Any CPU
		{4E2A7B6C-4AA2-4F84-B7C0-090000000000}.Debug|Any CPU.ActiveCfg = Debug|Any CPU
		{4E2A7B6C-4AA2-4F84-B7C0-090000000000}.Debug|Any CPU.Build.0 = Debug|Any CPU
		{4E2A7B6C-4AA2-4F84-B7C0-090000000000}.Debug|x64.ActiveCfg = Debug|Any CPU
		{4E2A7B6C-4AA2-4F84-B7C0-090000000000}.Debug|x64.Build.0 = Debug|Any CPU
		{4E2A7B6C-4AA2-4F84-B7C0-090000000000}.Debug|x86.ActiveCfg = Debug|Any CPU
		{4E2A7B6C-4AA2-4F84-B7C0-090000000000}.Debug|x86.Build.0 = Debug|Any CPU
		{4E2A7B6C-4AA2-4F84-B7C0-090000000000}.Release|Any CPU.ActiveCfg = Release|Any CPU
		{4E2A7B6C-4AA2-4F84-B7C0-090000000000}.Release|Any CPU.Build.0 = Release|Any CPU
		{4E2A7B6C-4AA2-4F84-B7C0-090000000000}.Release|x64.ActiveCfg = Release|Any CPU
		{4E2A7B6C-4AA2-4F84-B7C0-090000000000}.Release|x64.Build.0 = Release|Any CPU
		{4E2A7B6C-4AA2-4F84-B7C0-090000000000}.Release|x86.ActiveCfg = Release|Any CPU
		{4E2A7B6C-4AA2-4F84-B7C0-090000000000}.Release|x86.Build.0 = Release|Any CPU
		{4E2A7B6C-4AA2-4F84-B7C0-090000000001}.Debug|Any CPU.ActiveCfg = Debug|Any CPU
		{4E2A7B6C-4AA2-4F84-B7C0-090000000001}.Debug|Any CPU.Build.0 = Debug|Any CPU
		{4E2A7B6C-4AA2-4F84-B7C0-090000000001}.Debug|x64.ActiveCfg = Debug|Any CPU
		{4E2A7B6C-4AA2-4F84-B7C0-090000000001}.Debug|x64.Build.0 = Debug|Any CPU
		{4E2A7B6C-4AA2-4F84-B7C0-090000000001}.Debug|x86.ActiveCfg = Debug|Any CPU
		{4E2A7B6C-4AA2-4F84-B7C0-090000000001}.Debug|x86.Build.0 = Debug|Any CPU
		{4E2A7B6C-4AA2-4F84-B7C0-090000000001}.Release|Any CPU.ActiveCfg = Release|Any CPU
		{4E2A7B6C-4AA2-4F84-B7C0-090000000001}.Release|Any CPU.Build.0 = Release|Any CPU
		{4E2A7B6C-4AA2-4F84-B7C0-090000000001}.Release|x64.ActiveCfg = Release|Any CPU
		{4E2A7B6C-4AA2-4F84-B7C0-090000000001}.Release|x64.Build.0 = Release|Any CPU
		{4E2A7B6C-4AA2-4F84-B7C0-090000000001}.Release|x86.ActiveCfg = Release|Any CPU
		{4E2A7B6C-4AA2-4F84-B7C0-090000000001}.Release|x86.Build.0 = Release|Any CPU
		{4E2A7B6C-4AA2-4F84-B7C0-0A0000000001}.Debug|Any CPU.ActiveCfg = Debug|Any CPU
		{4E2A7B6C-4AA2-4F84-B7C0-0A0000000001}.Debug|Any CPU.Build.0 = Debug|Any CPU
		{4E2A7B6C-4AA2-4F84-B7C0-0A0000000001}.Debug|x64.ActiveCfg = Debug|Any CPU
		{4E2A7B6C-4AA2-4F84-B7C0-0A0000000001}.Debug|x64.Build.0 = Debug|Any CPU
		{4E2A7B6C-4AA2-4F84-B7C0-0A0000000001}.Debug|x86.ActiveCfg = Debug|Any CPU
		{4E2A7B6C-4AA2-4F84-B7C0-0A0000000001}.Debug|x86.Build.0 = Debug|Any CPU
		{4E2A7B6C-4AA2-4F84-B7C0-0A0000000001}.Release|Any CPU.ActiveCfg = Release|Any CPU
		{4E2A7B6C-4AA2-4F84-B7C0-0A0000000001}.Release|Any CPU.Build.0 = Release|Any CPU
		{4E2A7B6C-4AA2-4F84-B7C0-0A0000000001}.Release|x64.ActiveCfg = Release|Any CPU
		{4E2A7B6C-4AA2-4F84-B7C0-0A0000000001}.Release|x64.Build.0 = Release|Any CPU
		{4E2A7B6C-4AA2-4F84-B7C0-0A0000000001}.Release|x86.ActiveCfg = Release|Any CPU
		{4E2A7B6C-4AA2-4F84-B7C0-0A0000000001}.Release|x86.Build.0 = Release|Any CPU
		{4E2A7B6C-4AA2-4F84-B7C0-0B0000000001}.Debug|Any CPU.ActiveCfg = Debug|Any CPU
		{4E2A7B6C-4AA2-4F84-B7C0-0B0000000001}.Debug|Any CPU.Build.0 = Debug|Any CPU
		{4E2A7B6C-4AA2-4F84-B7C0-0B0000000001}.Debug|x64.ActiveCfg = Debug|Any CPU
		{4E2A7B6C-4AA2-4F84-B7C0-0B0000000001}.Debug|x64.Build.0 = Debug|Any CPU
		{4E2A7B6C-4AA2-4F84-B7C0-0B0000000001}.Debug|x86.ActiveCfg = Debug|Any CPU
		{4E2A7B6C-4AA2-4F84-B7C0-0B0000000001}.Debug|x86.Build.0 = Debug|Any CPU
		{4E2A7B6C-4AA2-4F84-B7C0-0B0000000001}.Release|Any CPU.ActiveCfg = Release|Any CPU
		{4E2A7B6C-4AA2-4F84-B7C0-0B0000000001}.Release|Any CPU.Build.0 = Release|Any CPU
		{4E2A7B6C-4AA2-4F84-B7C0-0B0000000001}.Release|x64.ActiveCfg = Release|Any CPU
		{4E2A7B6C-4AA2-4F84-B7C0-0B0000000001}.Release|x64.Build.0 = Release|Any CPU
		{4E2A7B6C-4AA2-4F84-B7C0-0B0000000001}.Release|x86.ActiveCfg = Release|Any CPU
		{4E2A7B6C-4AA2-4F84-B7C0-0B0000000001}.Release|x86.Build.0 = Release|Any CPU
		{4E2A7B6C-4AA2-4F84-B7C0-0C0000000001}.Debug|Any CPU.ActiveCfg = Debug|Any CPU
		{4E2A7B6C-4AA2-4F84-B7C0-0C0000000001}.Debug|Any CPU.Build.0 = Debug|Any CPU
		{4E2A7B6C-4AA2-4F84-B7C0-0C0000000001}.Debug|x64.ActiveCfg = Debug|Any CPU
		{4E2A7B6C-4AA2-4F84-B7C0-0C0000000001}.Debug|x64.Build.0 = Debug|Any CPU
		{4E2A7B6C-4AA2-4F84-B7C0-0C0000000001}.Debug|x86.ActiveCfg = Debug|Any CPU
		{4E2A7B6C-4AA2-4F84-B7C0-0C0000000001}.Debug|x86.Build.0 = Debug|Any CPU
		{4E2A7B6C-4AA2-4F84-B7C0-0C0000000001}.Release|Any CPU.ActiveCfg = Release|Any CPU
		{4E2A7B6C-4AA2-4F84-B7C0-0C0000000001}.Release|Any CPU.Build.0 = Release|Any CPU
		{4E2A7B6C-4AA2-4F84-B7C0-0C0000000001}.Release|x64.ActiveCfg = Release|Any CPU
		{4E2A7B6C-4AA2-4F84-B7C0-0C0000000001}.Release|x64.Build.0 = Release|Any CPU
		{4E2A7B6C-4AA2-4F84-B7C0-0C0000000001}.Release|x86.ActiveCfg = Release|Any CPU
		{4E2A7B6C-4AA2-4F84-B7C0-0C0000000001}.Release|x86.Build.0 = Release|Any CPU
		{4E2A7B6C-4AA2-4F84-B7C0-0C0000000002}.Debug|Any CPU.ActiveCfg = Debug|Any CPU
		{4E2A7B6C-4AA2-4F84-B7C0-0C0000000002}.Debug|Any CPU.Build.0 = Debug|Any CPU
		{4E2A7B6C-4AA2-4F84-B7C0-0C0000000002}.Debug|x64.ActiveCfg = Debug|Any CPU
		{4E2A7B6C-4AA2-4F84-B7C0-0C0000000002}.Debug|x64.Build.0 = Debug|Any CPU
		{4E2A7B6C-4AA2-4F84-B7C0-0C0000000002}.Debug|x86.ActiveCfg = Debug|Any CPU
		{4E2A7B6C-4AA2-4F84-B7C0-0C0000000002}.Debug|x86.Build.0 = Debug|Any CPU
		{4E2A7B6C-4AA2-4F84-B7C0-0C0000000002}.Release|Any CPU.ActiveCfg = Release|Any CPU
		{4E2A7B6C-4AA2-4F84-B7C0-0C0000000002}.Release|Any CPU.Build.0 = Release|Any CPU
		{4E2A7B6C-4AA2-4F84-B7C0-0C0000000002}.Release|x64.ActiveCfg = Release|Any CPU
		{4E2A7B6C-4AA2-4F84-B7C0-0C0000000002}.Release|x64.Build.0 = Release|Any CPU
		{4E2A7B6C-4AA2-4F84-B7C0-0C0000000002}.Release|x86.ActiveCfg = Release|Any CPU
		{4E2A7B6C-4AA2-4F84-B7C0-0C0000000002}.Release|x86.Build.0 = Release|Any CPU
		{4E2A7B6C-4AA2-4F84-B7C0-0C0000000003}.Debug|Any CPU.ActiveCfg = Debug|Any CPU
		{4E2A7B6C-4AA2-4F84-B7C0-0C0000000003}.Debug|Any CPU.Build.0 = Debug|Any CPU
		{4E2A7B6C-4AA2-4F84-B7C0-0C0000000003}.Debug|x64.ActiveCfg = Debug|Any CPU
		{4E2A7B6C-4AA2-4F84-B7C0-0C0000000003}.Debug|x64.Build.0 = Debug|Any CPU
		{4E2A7B6C-4AA2-4F84-B7C0-0C0000000003}.Debug|x86.ActiveCfg = Debug|Any CPU
		{4E2A7B6C-4AA2-4F84-B7C0-0C0000000003}.Debug|x86.Build.0 = Debug|Any CPU
		{4E2A7B6C-4AA2-4F84-B7C0-0C0000000003}.Release|Any CPU.ActiveCfg = Release|Any CPU
		{4E2A7B6C-4AA2-4F84-B7C0-0C0000000003}.Release|Any CPU.Build.0 = Release|Any CPU
		{4E2A7B6C-4AA2-4F84-B7C0-0C0000000003}.Release|x64.ActiveCfg = Release|Any CPU
		{4E2A7B6C-4AA2-4F84-B7C0-0C0000000003}.Release|x64.Build.0 = Release|Any CPU
		{4E2A7B6C-4AA2-4F84-B7C0-0C0000000003}.Release|x86.ActiveCfg = Release|Any CPU
		{4E2A7B6C-4AA2-4F84-B7C0-0C0000000003}.Release|x86.Build.0 = Release|Any CPU
		{4E2A7B6C-4AA2-4F84-B7C0-0C0000000004}.Debug|Any CPU.ActiveCfg = Debug|Any CPU
		{4E2A7B6C-4AA2-4F84-B7C0-0C0000000004}.Debug|Any CPU.Build.0 = Debug|Any CPU
		{4E2A7B6C-4AA2-4F84-B7C0-0C0000000004}.Debug|x64.ActiveCfg = Debug|Any CPU
		{4E2A7B6C-4AA2-4F84-B7C0-0C0000000004}.Debug|x64.Build.0 = Debug|Any CPU
		{4E2A7B6C-4AA2-4F84-B7C0-0C0000000004}.Debug|x86.ActiveCfg = Debug|Any CPU
		{4E2A7B6C-4AA2-4F84-B7C0-0C0000000004}.Debug|x86.Build.0 = Debug|Any CPU
		{4E2A7B6C-4AA2-4F84-B7C0-0C0000000004}.Release|Any CPU.ActiveCfg = Release|Any CPU
		{4E2A7B6C-4AA2-4F84-B7C0-0C0000000004}.Release|Any CPU.Build.0 = Release|Any CPU
		{4E2A7B6C-4AA2-4F84-B7C0-0C0000000004}.Release|x64.ActiveCfg = Release|Any CPU
		{4E2A7B6C-4AA2-4F84-B7C0-0C0000000004}.Release|x64.Build.0 = Release|Any CPU
		{4E2A7B6C-4AA2-4F84-B7C0-0C0000000004}.Release|x86.ActiveCfg = Release|Any CPU
		{4E2A7B6C-4AA2-4F84-B7C0-0C0000000004}.Release|x86.Build.0 = Release|Any CPU
	EndGlobalSection
	GlobalSection(SolutionProperties) = preSolution
		HideSolutionNode = FALSE
	EndGlobalSection
	GlobalSection(NestedProjects) = preSolution
		{4E2A7B6C-4AA2-4F84-B7C0-0B0000000001} = {827E0CD3-B72D-47B6-A68D-7590B98EB39B}
	EndGlobalSection
EndGlobal
